{
  "name": "Start-Project-With-WebPack3",
  "version": "1.2.0",
  "lockfileVersion": 1,
  "requires": true,
  "dependencies": {
    "fg-loadcss": {
      "version": "1.3.1",
      "resolved": "https://registry.npmjs.org/fg-loadcss/-/fg-loadcss-1.3.1.tgz",
      "integrity": "sha1-iTDoIJWfqvuyQoUO7sTy0CWUMMs="
    }
  }
}
